schema: '2.0'
stages:
  dataset_creation:
    cmd: python scripts/create_dataset.py
    deps:
    - path: scripts/create_dataset.py
      md5: 2b5eb7861982048c802e78719d19d3fe
      size: 967
    outs:
    - path: assets/data
      md5: 054fc528fb020fff85bb58fce747e57b.dir
      size: 693992
      nfiles: 2
  features_creation:
    cmd: python scripts/extract_features.py
    deps:
    - path: assets/data
      md5: 054fc528fb020fff85bb58fce747e57b.dir
      size: 693992
      nfiles: 2
    - path: scripts/extract_features.py
      md5: 4e1fda1e5678621a066e8d0eae5bd384
      size: 1453
    outs:
    - path: assets/features
      md5: b997e5f5a0af00b02bbe33baa787fe85.dir
      size: 82039
      nfiles: 4
